lockfileVersion: '9.0'

settings:
  autoInstallPeers: true
  excludeLinksFromLockfile: false

importers:

  .:
    dependencies:
      drizzle-orm:
        specifier: ^0.39.3
        version: 0.39.3
      drizzle-zod:
        specifier: ^0.7.1
        version: 0.7.1(drizzle-orm@0.39.3)(zod@4.4.3)
      zod:
        specifier: ^4.4.3
        version: 4.4.3
    devDependencies:
      dotenv-cli:
        specifier: ^11.0.0
        version: 11.0.0

packages:

  cross-spawn@7.0.6:
    resolution: {integrity: sha512-uV2QOWP2nWzsy2aMp8aRibhi9dlzF5Hgh5SHaB9OiTGEyDTiJJyx0uy51QXdyWbtAHNua4XJzUKca3OzKUd3vA==}
    engines: {node: '>= 8'}

  dotenv-cli@11.0.0:
    resolution: {integrity: sha512-r5pA8idbk7GFWuHEU7trSTflWcdBpQEK+Aw17UrSHjS6CReuhrrPcyC3zcQBPQvhArRHnBo/h6eLH1fkCvNlww==}
    hasBin: true

  dotenv-expand@12.0.3:
    resolution: {integrity: sha512-uc47g4b+4k/M/SeaW1y4OApx+mtLWl92l5LMPP0GNXctZqELk+YGgOPIIC5elYmUH4OuoK3JLhuRUYegeySiFA==}
    engines: {node: '>=12'}

  dotenv@16.6.1:
    resolution: {integrity: sha512-uBq4egWHTcTt33a72vpSG0z3HnPuIl6NqYcTrKEg2azoEyl2hpW0zqlxysq2pK9HlDIHyHyakeYaYnSAwd8bow==}
    engines: {node: '>=12'}

  dotenv@17.4.2:
    resolution: {integrity: sha512-nI4U3TottKAcAD9LLud4Cb7b2QztQMUEfHbvhTH09bqXTxnSie8WnjPALV/WMCrJZ6UV/qHJ6L03OqO3LcdYZw==}
    engines: {node: '>=12'}

  drizzle-orm@0.39.3:
    resolution: {integrity: sha512-EZ8ZpYvDIvKU9C56JYLOmUskazhad+uXZCTCRN4OnRMsL+xAJ05dv1eCpAG5xzhsm1hqiuC5kAZUCS924u2DTw==}
    peerDependencies:
      '@aws-sdk/client-rds-data': '>=3'
      '@cloudflare/workers-types': '>=4'
      '@electric-sql/pglite': '>=0.2.0'
      '@libsql/client': '>=0.10.0'
      '@libsql/client-wasm': '>=0.10.0'
      '@neondatabase/serverless': '>=0.10.0'
      '@op-engineering/op-sqlite': '>=2'
      '@opentelemetry/api': ^1.4.1
      '@planetscale/database': '>=1'
      '@prisma/client': '*'
      '@tidbcloud/serverless': '*'
      '@types/better-sqlite3': '*'
      '@types/pg': '*'
      '@types/sql.js': '*'
      '@vercel/postgres': '>=0.8.0'
      '@xata.io/client': '*'
      better-sqlite3: '>=7'
      bun-types: '*'
      expo-sqlite: '>=14.0.0'
      knex: '*'
      kysely: '*'
      mysql2: '>=2'
      pg: '>=8'
      postgres: '>=3'
      prisma: '*'
      sql.js: '>=1'
      sqlite3: '>=5'
    peerDependenciesMeta:
      '@aws-sdk/client-rds-data':
        optional: true
      '@cloudflare/workers-types':
        optional: true
      '@electric-sql/pglite':
        optional: true
      '@libsql/client':
        optional: true
      '@libsql/client-wasm':
        optional: true
      '@neondatabase/serverless':
        optional: true
      '@op-engineering/op-sqlite':
        optional: true
      '@opentelemetry/api':
        optional: true
      '@planetscale/database':
        optional: true
      '@prisma/client':
        optional: true
      '@tidbcloud/serverless':
        optional: true
      '@types/better-sqlite3':
        optional: true
      '@types/pg':
        optional: true
      '@types/sql.js':
        optional: true
      '@vercel/postgres':
        optional: true
      '@xata.io/client':
        optional: true
      better-sqlite3:
        optional: true
      bun-types:
        optional: true
      expo-sqlite:
        optional: true
      knex:
        optional: true
      kysely:
        optional: true
      mysql2:
        optional: true
      pg:
        optional: true
      postgres:
        optional: true
      prisma:
        optional: true
      sql.js:
        optional: true
      sqlite3:
        optional: true

  drizzle-zod@0.7.1:
    resolution: {integrity: sha512-nZzALOdz44/AL2U005UlmMqaQ1qe5JfanvLujiTHiiT8+vZJTBFhj3pY4Vk+L6UWyKFfNmLhk602Hn4kCTynKQ==}
    peerDependencies:
      drizzle-orm: '>=0.36.0'
      zod: '>=3.0.0'

  isexe@2.0.0:
    resolution: {integrity: sha512-RHxMLp9lnKHGHRng9QFhRCMbYAcVpn69smSGcq3f36xjgVVWThj4qqLbTLlq7Ssj8B+fIQ1EuCEGI2lKsyQeIw==}

  minimist@1.2.8:
    resolution: {integrity: sha512-2yyAR8qBkN3YuheJanUpWC5U3bb5osDywNB8RzDVlDwDHbocAJveqqj1u8+SVD7jkWT4yvsHCpWqqWqAxb0zCA==}

  path-key@3.1.1:
    resolution: {integrity: sha512-ojmeN0qd+y0jszEtoY48r0Peq5dwMEkIlCOu6Q5f41lfkswXuKtYrhgoTpLnyIcHm24Uhqx+5Tqm2InSwLhE6Q==}
    engines: {node: '>=8'}

  shebang-command@2.0.0:
    resolution: {integrity: sha512-kHxr2zZpYtdmrN1qDjrrX/Z1rR1kG8Dx+gkpK1G4eXmvXswmcE1hTWBWYUzlraYw1/yZp6YuDY77YtvbN0dmDA==}
    engines: {node: '>=8'}

  shebang-regex@3.0.0:
    resolution: {integrity: sha512-7++dFhtcx3353uBaq8DDR4NuxBetBzC7ZQOhmTQInHEd6bSrXdiEyzCvG07Z44UYdLShWUyXt5M/yhz8ekcb1A==}
    engines: {node: '>=8'}

  which@2.0.2:
    resolution: {integrity: sha512-BLI3Tl1TW3Pvl70l3yq3Y64i+awpwXqsGBYWkkqMtnbXgrMD+yj7rhW0kuEDxzJaYXGjEW5ogapKNMEKNMjibA==}
    engines: {node: '>= 8'}
    hasBin: true

  zod@4.4.3:
    resolution: {integrity: sha512-ytENFjIJFl2UwYglde2jchW2Hwm4GJFLDiSXWdTrJQBIN9Fcyp7n4DhxJEiWNAJMV1/BqWfW/kkg71UDcHJyTQ==}

snapshots:

  cross-spawn@7.0.6:
    dependencies:
      path-key: 3.1.1
      shebang-command: 2.0.0
      which: 2.0.2

  dotenv-cli@11.0.0:
    dependencies:
      cross-spawn: 7.0.6
      dotenv: 17.4.2
      dotenv-expand: 12.0.3
      minimist: 1.2.8

  dotenv-expand@12.0.3:
    dependencies:
      dotenv: 16.6.1

  dotenv@16.6.1: {}

  dotenv@17.4.2: {}

  drizzle-orm@0.39.3: {}

  drizzle-zod@0.7.1(drizzle-orm@0.39.3)(zod@4.4.3):
    dependencies:
      drizzle-orm: 0.39.3
      zod: 4.4.3

  isexe@2.0.0: {}

  minimist@1.2.8: {}

  path-key@3.1.1: {}

  shebang-command@2.0.0:
    dependencies:
      shebang-regex: 3.0.0

  shebang-regex@3.0.0: {}

  which@2.0.2:
    dependencies:
      isexe: 2.0.0

  zod@4.4.3: {}
